
Microsoft Visual Studio Solution File, Format Version 12.00
# Visual Studio Version 17
VisualStudioVersion = 17.0.31903.59
MinimumVisualStudioVersion = 10.0.40219.1
Project("{2150E333-8FDC-42A3-9474-1A3956D46DE8}") = "src", "src", "{90AE1E77-9AC5-4F4C-A802-9C3530C003C0}"
EndProject
Project("{9A19103F-16F7-4668-BE54-9A1E7A4F7556}") = "AIHub.Contracts", "src\AIHub.Contracts\AIHub.Contracts.csproj", "{7C674642-85D4-4E45-989A-7F4E6DEAE801}"
EndProject
Project("{9A19103F-16F7-4668-BE54-9A1E7A4F7556}") = "AIHub.Core", "src\AIHub.Core\AIHub.Core.csproj", "{6FE1B56B-118B-4A66-95F7-2255072CD71F}"
EndProject
Project("{9A19103F-16F7-4668-BE54-9A1E7A4F7556}") = "AIHub.Application", "src\AIHub.Application\AIHub.Application.csproj", "{DACBEF71-A379-41F9-84D1-25D1FE07FBFF}"
EndProject
Project("{9A19103F-16F7-4668-BE54-9A1E7A4F7556}") = "AIHub.Infrastructure", "src\AIHub.Infrastructure\AIHub.Infrastructure.csproj", "{16363655-AC84-41FB-A89D-B6798481DA61}"
EndProject
Project("{9A19103F-16F7-4668-BE54-9A1E7A4F7556}") = "AIHub.Platform.Windows", "src\AIHub.Platform.Windows\AIHub.Platform.Windows.csproj", "{F6E453CC-B2D5-4A14-A01D-60B1DBFA78D2}"
EndProject
Project("{9A19103F-16F7-4668-BE54-9A1E7A4F7556}") = "AIHub.Platform.Mac", "src\AIHub.Platform.Mac\AIHub.Platform.Mac.csproj", "{51455BD5-B7DE-448E-8AE0-5A9F812D098A}"
EndProject
Project("{2150E333-8FDC-42A3-9474-1A3956D46DE8}") = "apps", "apps", "{C03CE52F-5DD5-4C3D-9757-875AEDBEDE46}"
EndProject
Project("{9A19103F-16F7-4668-BE54-9A1E7A4F7556}") = "AIHub.Desktop", "apps\AIHub.Desktop\AIHub.Desktop.csproj", "{AA21C00C-373B-42A5-AEA6-F2445F2C5603}"
EndProject
Project("{2150E333-8FDC-42A3-9474-1A3956D46DE8}") = "tests", "tests", "{BA4DD589-FC42-42D7-BD7F-1ADE604A5EF8}"
EndProject
Project("{9A19103F-16F7-4668-BE54-9A1E7A4F7556}") = "AIHub.Application.Tests", "tests\AIHub.Application.Tests\AIHub.Application.Tests.csproj", "{B1B82D30-23B4-454F-82AC-678422BA302C}"
EndProject
Global
	GlobalSection(SolutionConfigurationPlatforms) = preSolution
		Debug|Any CPU = Debug|Any CPU
		Release|Any CPU = Release|Any CPU
	EndGlobalSection
	GlobalSection(SolutionProperties) = preSolution
		HideSolutionNode = FALSE
	EndGlobalSection
	GlobalSection(ProjectConfigurationPlatforms) = postSolution
		{7C674642-85D4-4E45-989A-7F4E6DEAE801}.Debug|Any CPU.ActiveCfg = Debug|Any CPU
		{7C674642-85D4-4E45-989A-7F4E6DEAE801}.Debug|Any CPU.Build.0 = Debug|Any CPU
		{7C674642-85D4-4E45-989A-7F4E6DEAE801}.Release|Any CPU.ActiveCfg = Release|Any CPU
		{7C674642-85D4-4E45-989A-7F4E6DEAE801}.Release|Any CPU.Build.0 = Release|Any CPU
		{6FE1B56B-118B-4A66-95F7-2255072CD71F}.Debug|Any CPU.ActiveCfg = Debug|Any CPU
		{6FE1B56B-118B-4A66-95F7-2255072CD71F}.Debug|Any CPU.Build.0 = Debug|Any CPU
		{6FE1B56B-118B-4A66-95F7-2255072CD71F}.Release|Any CPU.ActiveCfg = Release|Any CPU
		{6FE1B56B-118B-4A66-95F7-2255072CD71F}.Release|Any CPU.Build.0 = Release|Any CPU
		{DACBEF71-A379-41F9-84D1-25D1FE07FBFF}.Debug|Any CPU.ActiveCfg = Debug|Any CPU
		{DACBEF71-A379-41F9-84D1-25D1FE07FBFF}.Debug|Any CPU.Build.0 = Debug|Any CPU
		{DACBEF71-A379-41F9-84D1-25D1FE07FBFF}.Release|Any CPU.ActiveCfg = Release|Any CPU
		{DACBEF71-A379-41F9-84D1-25D1FE07FBFF}.Release|Any CPU.Build.0 = Release|Any CPU
		{16363655-AC84-41FB-A89D-B6798481DA61}.Debug|Any CPU.ActiveCfg = Debug|Any CPU
		{16363655-AC84-41FB-A89D-B6798481DA61}.Debug|Any CPU.Build.0 = Debug|Any CPU
		{16363655-AC84-41FB-A89D-B6798481DA61}.Release|Any CPU.ActiveCfg = Release|Any CPU
		{16363655-AC84-41FB-A89D-B6798481DA61}.Release|Any CPU.Build.0 = Release|Any CPU
		{F6E453CC-B2D5-4A14-A01D-60B1DBFA78D2}.Debug|Any CPU.ActiveCfg = Debug|Any CPU
		{F6E453CC-B2D5-4A14-A01D-60B1DBFA78D2}.Debug|Any CPU.Build.0 = Debug|Any CPU
		{F6E453CC-B2D5-4A14-A01D-60B1DBFA78D2}.Release|Any CPU.ActiveCfg = Release|Any CPU
		{F6E453CC-B2D5-4A14-A01D-60B1DBFA78D2}.Release|Any CPU.Build.0 = Release|Any CPU
		{51455BD5-B7DE-448E-8AE0-5A9F812D098A}.Debug|Any CPU.ActiveCfg = Debug|Any CPU
		{51455BD5-B7DE-448E-8AE0-5A9F812D098A}.Debug|Any CPU.Build.0 = Debug|Any CPU
		{51455BD5-B7DE-448E-8AE0-5A9F812D098A}.Release|Any CPU.ActiveCfg = Release|Any CPU
		{51455BD5-B7DE-448E-8AE0-5A9F812D098A}.Release|Any CPU.Build.0 = Release|Any CPU
		{AA21C00C-373B-42A5-AEA6-F2445F2C5603}.Debug|Any CPU.ActiveCfg = Debug|Any CPU
		{AA21C00C-373B-42A5-AEA6-F2445F2C5603}.Debug|Any CPU.Build.0 = Debug|Any CPU
		{AA21C00C-373B-42A5-AEA6-F2445F2C5603}.Release|Any CPU.ActiveCfg = Release|Any CPU
		{AA21C00C-373B-42A5-AEA6-F2445F2C5603}.Release|Any CPU.Build.0 = Release|Any CPU
		{B1B82D30-23B4-454F-82AC-678422BA302C}.Debug|Any CPU.ActiveCfg = Debug|Any CPU
		{B1B82D30-23B4-454F-82AC-678422BA302C}.Debug|Any CPU.Build.0 = Debug|Any CPU
		{B1B82D30-23B4-454F-82AC-678422BA302C}.Release|Any CPU.ActiveCfg = Release|Any CPU
		{B1B82D30-23B4-454F-82AC-678422BA302C}.Release|Any CPU.Build.0 = Release|Any CPU
	EndGlobalSection
	GlobalSection(NestedProjects) = preSolution
		{7C674642-85D4-4E45-989A-7F4E6DEAE801} = {90AE1E77-9AC5-4F4C-A802-9C3530C003C0}
		{6FE1B56B-118B-4A66-95F7-2255072CD71F} = {90AE1E77-9AC5-4F4C-A802-9C3530C003C0}
		{DACBEF71-A379-41F9-84D1-25D1FE07FBFF} = {90AE1E77-9AC5-4F4C-A802-9C3530C003C0}
		{16363655-AC84-41FB-A89D-B6798481DA61} = {90AE1E77-9AC5-4F4C-A802-9C3530C003C0}
		{F6E453CC-B2D5-4A14-A01D-60B1DBFA78D2} = {90AE1E77-9AC5-4F4C-A802-9C3530C003C0}
		{51455BD5-B7DE-448E-8AE0-5A9F812D098A} = {90AE1E77-9AC5-4F4C-A802-9C3530C003C0}
		{AA21C00C-373B-42A5-AEA6-F2445F2C5603} = {C03CE52F-5DD5-4C3D-9757-875AEDBEDE46}
		{B1B82D30-23B4-454F-82AC-678422BA302C} = {BA4DD589-FC42-42D7-BD7F-1ADE604A5EF8}
	EndGlobalSection
EndGlobal
